
Microsoft Visual Studio Solution File, Format Version 12.00
# Visual Studio Version 17
VisualStudioVersion = 17.9.34701.34
MinimumVisualStudioVersion = 10.0.40219.1
Project("{9A19103F-16F7-4668-BE54-9A1E7A4F7556}") = "plugin_re_cvx_hd", "plugin_re_cvx_hd\plugin_re_cvx_hd.csproj", "{8A2D2E53-E6CE-4026-9F1B-2710AE5FC5FC}"
EndProject
Global
	GlobalSection(SolutionConfigurationPlatforms) = preSolution
		Debug|Any CPU = Debug|Any CPU
		Release|Any CPU = Release|Any CPU
	EndGlobalSection
	GlobalSection(ProjectConfigurationPlatforms) = postSolution
		{8A2D2E53-E6CE-4026-9F1B-2710AE5FC5FC}.Debug|Any CPU.ActiveCfg = Debug|Any CPU
		{8A2D2E53-E6CE-4026-9F1B-2710AE5FC5FC}.Debug|Any CPU.Build.0 = Debug|Any CPU
		{8A2D2E53-E6CE-4026-9F1B-2710AE5FC5FC}.Release|Any CPU.ActiveCfg = Release|Any CPU
		{8A2D2E53-E6CE-4026-9F1B-2710AE5FC5FC}.Release|Any CPU.Build.0 = Release|Any CPU
	EndGlobalSection
	GlobalSection(SolutionProperties) = preSolution
		HideSolutionNode = FALSE
	EndGlobalSection
	GlobalSection(ExtensibilityGlobals) = postSolution
		SolutionGuid = {7B8B6B95-3256-4E40-A235-1C4DDABB38A0}
	EndGlobalSection
EndGlobal
